// !$*UTF8*$!
{
	archiveVersion = 1;
	classes = {
	};
	objectVersion = 56;
	objects = {

/* Begin PBXBuildFile section */
		D64527132A233C3B00F077BD /* ListViewCell.swift in Sources */ = {isa = PBXBuildFile; fileRef = D64527112A233C3B00F077BD /* ListViewCell.swift */; };
		D64527142A233C3B00F077BD /* ListViewCell.xib in Resources */ = {isa = PBXBuildFile; fileRef = D64527122A233C3B00F077BD /* ListViewCell.xib */; };
		D64527162A233E8200F077BD /* ListViewController.swift in Sources */ = {isa = PBXBuildFile; fileRef = D64527152A233E8200F077BD /* ListViewController.swift */; };
		D64527182A23584F00F077BD /* ContentViewController.swift in Sources */ = {isa = PBXBuildFile; fileRef = D64527172A23584F00F077BD /* ContentViewController.swift */; };
		D645271A2A23587F00F077BD /* MemoryViewController.swift in Sources */ = {isa = PBXBuildFile; fileRef = D64527192A23587F00F077BD /* MemoryViewController.swift */; };
		D645271D2A2358C300F077BD /* ResultViewCell.swift in Sources */ = {isa = PBXBuildFile; fileRef = D645271B2A2358C300F077BD /* ResultViewCell.swift */; };
		D645271E2A2358C300F077BD /* ResultViewCell.xib in Resources */ = {isa = PBXBuildFile; fileRef = D645271C2A2358C300F077BD /* ResultViewCell.xib */; };
		D64527202A2358FB00F077BD /* ResultViewController.swift in Sources */ = {isa = PBXBuildFile; fileRef = D645271F2A2358FB00F077BD /* ResultViewController.swift */; };
		D67C3DC82A303B8600CB32A8 /* InfoViewController.swift in Sources */ = {isa = PBXBuildFile; fileRef = D67C3DC72A303B8600CB32A8 /* InfoViewController.swift */; };
		D6B4F5D62A1CDB6D003E2FA0 /* AppDelegate.swift in Sources */ = {isa = PBXBuildFile; fileRef = D6B4F5D52A1CDB6D003E2FA0 /* AppDelegate.swift */; };
		D6B4F5D82A1CDB6D003E2FA0 /* SceneDelegate.swift in Sources */ = {isa = PBXBuildFile; fileRef = D6B4F5D72A1CDB6D003E2FA0 /* SceneDelegate.swift */; };
		D6B4F5DD2A1CDB6D003E2FA0 /* Main.storyboard in Resources */ = {isa = PBXBuildFile; fileRef = D6B4F5DB2A1CDB6D003E2FA0 /* Main.storyboard */; };
		D6B4F5DF2A1CDB6F003E2FA0 /* Assets.xcassets in Resources */ = {isa = PBXBuildFile; fileRef = D6B4F5DE2A1CDB6F003E2FA0 /* Assets.xcassets */; };
		D6B4F5E22A1CDB6F003E2FA0 /* LaunchScreen.storyboard in Resources */ = {isa = PBXBuildFile; fileRef = D6B4F5E02A1CDB6F003E2FA0 /* LaunchScreen.storyboard */; };
/* End PBXBuildFile section */

/* Begin PBXFileReference section */
		D64527112A233C3B00F077BD /* ListViewCell.swift */ = {isa = PBXFileReference; lastKnownFileType = sourcecode.swift; path = ListViewCell.swift; sourceTree = "<group>"; };
		D64527122A233C3B00F077BD /* ListViewCell.xib */ = {isa = PBXFileReference; lastKnownFileType = file.xib; path = ListViewCell.xib; sourceTree = "<group>"; };
		D64527152A233E8200F077BD /* ListViewController.swift */ = {isa = PBXFileReference; lastKnownFileType = sourcecode.swift; path = ListViewController.swift; sourceTree = "<group>"; };
		D64527172A23584F00F077BD /* ContentViewController.swift */ = {isa = PBXFileReference; lastKnownFileType = sourcecode.swift; path = ContentViewController.swift; sourceTree = "<group>"; };
		D64527192A23587F00F077BD /* MemoryViewController.swift */ = {isa = PBXFileReference; lastKnownFileType = sourcecode.swift; path = MemoryViewController.swift; sourceTree = "<group>"; };
		D645271B2A2358C300F077BD /* ResultViewCell.swift */ = {isa = PBXFileReference; lastKnownFileType = sourcecode.swift; path = ResultViewCell.swift; sourceTree = "<group>"; };
		D645271C2A2358C300F077BD /* ResultViewCell.xib */ = {isa = PBXFileReference; lastKnownFileType = file.xib; path = ResultViewCell.xib; sourceTree = "<group>"; };
		D645271F2A2358FB00F077BD /* ResultViewController.swift */ = {isa = PBXFileReference; lastKnownFileType = sourcecode.swift; path = ResultViewController.swift; sourceTree = "<group>"; };
		D67C3DC72A303B8600CB32A8 /* InfoViewController.swift */ = {isa = PBXFileReference; lastKnownFileType = sourcecode.swift; path = InfoViewController.swift; sourceTree = "<group>"; };
		D6B4F5D22A1CDB6D003E2FA0 /* forultimateplayer.app */ = {isa = PBXFileReference; explicitFileType = wrapper.application; includeInIndex = 0; path = forultimateplayer.app; sourceTree = BUILT_PRODUCTS_DIR; };
		D6B4F5D52A1CDB6D003E2FA0 /* AppDelegate.swift */ = {isa = PBXFileReference; lastKnownFileType = sourcecode.swift; path = AppDelegate.swift; sourceTree = "<group>"; };
		D6B4F5D72A1CDB6D003E2FA0 /* SceneDelegate.swift */ = {isa = PBXFileReference; lastKnownFileType = sourcecode.swift; path = SceneDelegate.swift; sourceTree = "<group>"; };
		D6B4F5DC2A1CDB6D003E2FA0 /* Base */ = {isa = PBXFileReference; lastKnownFileType = file.storyboard; name = Base; path = Base.lproj/Main.storyboard; sourceTree = "<group>"; };
		D6B4F5DE2A1CDB6F003E2FA0 /* Assets.xcassets */ = {isa = PBXFileReference; lastKnownFileType = folder.assetcatalog; path = Assets.xcassets; sourceTree = "<group>"; };
		D6B4F5E12A1CDB6F003E2FA0 /* Base */ = {isa = PBXFileReference; lastKnownFileType = file.storyboard; name = Base; path = Base.lproj/LaunchScreen.storyboard; sourceTree = "<group>"; };
		D6B4F5E32A1CDB6F003E2FA0 /* Info.plist */ = {isa = PBXFileReference; lastKnownFileType = text.plist.xml; path = Info.plist; sourceTree = "<group>"; };
/* End PBXFileReference section */

/* Begin PBXFrameworksBuildPhase section */
		D6B4F5CF2A1CDB6D003E2FA0 /* Frameworks */ = {
			isa = PBXFrameworksBuildPhase;
			buildActionMask = 2147483647;
			files = (
			);
			runOnlyForDeploymentPostprocessing = 0;
		};
/* End PBXFrameworksBuildPhase section */

/* Begin PBXGroup section */
		D6B4F5C92A1CDB6D003E2FA0 = {
			isa = PBXGroup;
			children = (
				D6B4F5D42A1CDB6D003E2FA0 /* forultimateplayer */,
				D6B4F5D32A1CDB6D003E2FA0 /* Products */,
			);
			sourceTree = "<group>";
		};
		D6B4F5D32A1CDB6D003E2FA0 /* Products */ = {
			isa = PBXGroup;
			children = (
				D6B4F5D22A1CDB6D003E2FA0 /* forultimateplayer.app */,
			);
			name = Products;
			sourceTree = "<group>";
		};
		D6B4F5D42A1CDB6D003E2FA0 /* forultimateplayer */ = {
			isa = PBXGroup;
			children = (
				D6B4F5D52A1CDB6D003E2FA0 /* AppDelegate.swift */,
				D6B4F5D72A1CDB6D003E2FA0 /* SceneDelegate.swift */,
				D6B4F5DB2A1CDB6D003E2FA0 /* Main.storyboard */,
				D64527152A233E8200F077BD /* ListViewController.swift */,
				D64527172A23584F00F077BD /* ContentViewController.swift */,
				D64527192A23587F00F077BD /* MemoryViewController.swift */,
				D645271F2A2358FB00F077BD /* ResultViewController.swift */,
				D67C3DC72A303B8600CB32A8 /* InfoViewController.swift */,
				D6B4F5DE2A1CDB6F003E2FA0 /* Assets.xcassets */,
				D6B4F5E02A1CDB6F003E2FA0 /* LaunchScreen.storyboard */,
				D6B4F5E32A1CDB6F003E2FA0 /* Info.plist */,
				D64527112A233C3B00F077BD /* ListViewCell.swift */,
				D64527122A233C3B00F077BD /* ListViewCell.xib */,
				D645271B2A2358C300F077BD /* ResultViewCell.swift */,
				D645271C2A2358C300F077BD /* ResultViewCell.xib */,
			);
			path = forultimateplayer;
			sourceTree = "<group>";
		};
/* End PBXGroup section */

/* Begin PBXNativeTarget section */
		D6B4F5D12A1CDB6D003E2FA0 /* forultimateplayer */ = {
			isa = PBXNativeTarget;
			buildConfigurationList = D6B4F5E62A1CDB6F003E2FA0 /* Build configuration list for PBXNativeTarget "forultimateplayer" */;
			buildPhases = (
				D6B4F5CE2A1CDB6D003E2FA0 /* Sources */,
				D6B4F5CF2A1CDB6D003E2FA0 /* Frameworks */,
				D6B4F5D02A1CDB6D003E2FA0 /* Resources */,
			);
			buildRules = (
			);
			dependencies = (
			);
			name = forultimateplayer;
			productName = forultimateplayer;
			productReference = D6B4F5D22A1CDB6D003E2FA0 /* forultimateplayer.app */;
			productType = "com.apple.product-type.application";
		};
/* End PBXNativeTarget section */

/* Begin PBXProject section */
		D6B4F5CA2A1CDB6D003E2FA0 /* Project object */ = {
			isa = PBXProject;
			attributes = {
				BuildIndependentTargetsInParallel = 1;
				LastSwiftUpdateCheck = 1430;
				LastUpgradeCheck = 1430;
				TargetAttributes = {
					D6B4F5D12A1CDB6D003E2FA0 = {
						CreatedOnToolsVersion = 14.3;
					};
				};
			};
			buildConfigurationList = D6B4F5CD2A1CDB6D003E2FA0 /* Build configuration list for PBXProject "forultimateplayer" */;
			compatibilityVersion = "Xcode 14.0";
			developmentRegion = en;
			hasScannedForEncodings = 0;
			knownRegions = (
				en,
				Base,
			);
			mainGroup = D6B4F5C92A1CDB6D003E2FA0;
			productRefGroup = D6B4F5D32A1CDB6D003E2FA0 /* Products */;
			projectDirPath = "";
			projectRoot = "";
			targets = (
				D6B4F5D12A1CDB6D003E2FA0 /* forultimateplayer */,
			);
		};
/* End PBXProject section */

/* Begin PBXResourcesBuildPhase section */
		D6B4F5D02A1CDB6D003E2FA0 /* Resources */ = {
			isa = PBXResourcesBuildPhase;
			buildActionMask = 2147483647;
			files = (
				D645271E2A2358C300F077BD /* ResultViewCell.xib in Resources */,
				D64527142A233C3B00F077BD /* ListViewCell.xib in Resources */,
				D6B4F5E22A1CDB6F003E2FA0 /* LaunchScreen.storyboard in Resources */,
				D6B4F5DF2A1CDB6F003E2FA0 /* Assets.xcassets in Resources */,
				D6B4F5DD2A1CDB6D003E2FA0 /* Main.storyboard in Resources */,
			);
			runOnlyForDeploymentPostprocessing = 0;
		};
/* End PBXResourcesBuildPhase section */

/* Begin PBXSourcesBuildPhase section */
		D6B4F5CE2A1CDB6D003E2FA0 /* Sources */ = {
			isa = PBXSourcesBuildPhase;
			buildActionMask = 2147483647;
			files = (
				D64527182A23584F00F077BD /* ContentViewController.swift in Sources */,
				D6B4F5D62A1CDB6D003E2FA0 /* AppDelegate.swift in Sources */,
				D64527132A233C3B00F077BD /* ListViewCell.swift in Sources */,
				D64527202A2358FB00F077BD /* ResultViewController.swift in Sources */,
				D67C3DC82A303B8600CB32A8 /* InfoViewController.swift in Sources */,
				D645271D2A2358C300F077BD /* ResultViewCell.swift in Sources */,
				D645271A2A23587F00F077BD /* MemoryViewController.swift in Sources */,
				D64527162A233E8200F077BD /* ListViewController.swift in Sources */,
				D6B4F5D82A1CDB6D003E2FA0 /* SceneDelegate.swift in Sources */,
			);
			runOnlyForDeploymentPostprocessing = 0;
		};
/* End PBXSourcesBuildPhase section */

/* Begin PBXVariantGroup section */
		D6B4F5DB2A1CDB6D003E2FA0 /* Main.storyboard */ = {
			isa = PBXVariantGroup;
			children = (
				D6B4F5DC2A1CDB6D003E2FA0 /* Base */,
			);
			name = Main.storyboard;
			sourceTree = "<group>";
		};
		D6B4F5E02A1CDB6F003E2FA0 /* LaunchScreen.storyboard */ = {
			isa = PBXVariantGroup;
			children = (
				D6B4F5E12A1CDB6F003E2FA0 /* Base */,
			);
			name = LaunchScreen.storyboard;
			sourceTree = "<group>";
		};
/* End PBXVariantGroup section */

/* Begin XCBuildConfiguration section */
		D6B4F5E42A1CDB6F003E2FA0 /* Debug */ = {
			isa = XCBuildConfiguration;
			buildSettings = {
				ALWAYS_SEARCH_USER_PATHS = NO;
				CLANG_ANALYZER_NONNULL = YES;
				CLANG_ANALYZER_NUMBER_OBJECT_CONVERSION = YES_AGGRESSIVE;
				CLANG_CXX_LANGUAGE_STANDARD = "gnu++20";
				CLANG_ENABLE_MODULES = YES;
				CLANG_ENABLE_OBJC_ARC = YES;
				CLANG_ENABLE_OBJC_WEAK = YES;
				CLANG_WARN_BLOCK_CAPTURE_AUTORELEASING = YES;
				CLANG_WARN_BOOL_CONVERSION = YES;
				CLANG_WARN_COMMA = YES;
				CLANG_WARN_CONSTANT_CONVERSION = YES;
				CLANG_WARN_DEPRECATED_OBJC_IMPLEMENTATIONS = YES;
				CLANG_WARN_DIRECT_OBJC_ISA_USAGE = YES_ERROR;
				CLANG_WARN_DOCUMENTATION_COMMENTS = YES;
				CLANG_WARN_EMPTY_BODY = YES;
				CLANG_WARN_ENUM_CONVERSION = YES;
				CLANG_WARN_INFINITE_RECURSION = YES;
				CLANG_WARN_INT_CONVERSION = YES;
				CLANG_WARN_NON_LITERAL_NULL_CONVERSION = YES;
				CLANG_WARN_OBJC_IMPLICIT_RETAIN_SELF = YES;
				CLANG_WARN_OBJC_LITERAL_CONVERSION = YES;
				CLANG_WARN_OBJC_ROOT_CLASS = YES_ERROR;
				CLANG_WARN_QUOTED_INCLUDE_IN_FRAMEWORK_HEADER = YES;
				CLANG_WARN_RANGE_LOOP_ANALYSIS = YES;
				CLANG_WARN_STRICT_PROTOTYPES = YES;
				CLANG_WARN_SUSPICIOUS_MOVE = YES;
				CLANG_WARN_UNGUARDED_AVAILABILITY = YES_AGGRESSIVE;
				CLANG_WARN_UNREACHABLE_CODE = YES;
				CLANG_WARN__DUPLICATE_METHOD_MATCH = YES;
				COPY_PHASE_STRIP = NO;
				DEBUG_INFORMATION_FORMAT = dwarf;
				ENABLE_STRICT_OBJC_MSGSEND = YES;
				ENABLE_TESTABILITY = YES;
				GCC_C_LANGUAGE_STANDARD = gnu11;
				GCC_DYNAMIC_NO_PIC = NO;
				GCC_NO_COMMON_BLOCKS = YES;
				GCC_OPTIMIZATION_LEVEL = 0;
				GCC_PREPROCESSOR_DEFINITIONS = (
					"DEBUG=1",
					"$(inherited)",
				);
				GCC_WARN_64_TO_32_BIT_CONVERSION = YES;
				GCC_WARN_ABOUT_RETURN_TYPE = YES_ERROR;
				GCC_WARN_UNDECLARED_SELECTOR = YES;
				GCC_WARN_UNINITIALIZED_AUTOS = YES_AGGRESSIVE;
				GCC_WARN_UNUSED_FUNCTION = YES;
				GCC_WARN_UNUSED_VARIABLE = YES;
				IPHONEOS_DEPLOYMENT_TARGET = 16.4;
				MTL_ENABLE_DEBUG_INFO = INCLUDE_SOURCE;
				MTL_FAST_MATH = YES;
				ONLY_ACTIVE_ARCH = YES;
				SDKROOT = iphoneos;
				SWIFT_ACTIVE_COMPILATION_CONDITIONS = DEBUG;
				SWIFT_OPTIMIZATION_LEVEL = "-Onone";
			};
			name = Debug;
		};
		D6B4F5E52A1CDB6F003E2FA0 /* Release */ = {
			isa = XCBuildConfiguration;
			buildSettings = {
				ALWAYS_SEARCH_USER_PATHS = NO;
				CLANG_ANALYZER_NONNULL = YES;
				CLANG_ANALYZER_NUMBER_OBJECT_CONVERSION = YES_AGGRESSIVE;
				CLANG_CXX_LANGUAGE_STANDARD = "gnu++20";
				CLANG_ENABLE_MODULES = YES;
				CLANG_ENABLE_OBJC_ARC = YES;
				CLANG_ENABLE_OBJC_WEAK = YES;
				CLANG_WARN_BLOCK_CAPTURE_AUTORELEASING = YES;
				CLANG_WARN_BOOL_CONVERSION = YES;
				CLANG_WARN_COMMA = YES;
				CLANG_WARN_CONSTANT_CONVERSION = YES;
				CLANG_WARN_DEPRECATED_OBJC_IMPLEMENTATIONS = YES;
				CLANG_WARN_DIRECT_OBJC_ISA_USAGE = YES_ERROR;
				CLANG_WARN_DOCUMENTATION_COMMENTS = YES;
				CLANG_WARN_EMPTY_BODY = YES;
				CLANG_WARN_ENUM_CONVERSION = YES;
				CLANG_WARN_INFINITE_RECURSION = YES;
				CLANG_WARN_INT_CONVERSION = YES;
				CLANG_WARN_NON_LITERAL_NULL_CONVERSION = YES;
				CLANG_WARN_OBJC_IMPLICIT_RETAIN_SELF = YES;
				CLANG_WARN_OBJC_LITERAL_CONVERSION = YES;
				CLANG_WARN_OBJC_ROOT_CLASS = YES_ERROR;
				CLANG_WARN_QUOTED_INCLUDE_IN_FRAMEWORK_HEADER = YES;
				CLANG_WARN_RANGE_LOOP_ANALYSIS = YES;
				CLANG_WARN_STRICT_PROTOTYPES = YES;
				CLANG_WARN_SUSPICIOUS_MOVE = YES;
				CLANG_WARN_UNGUARDED_AVAILABILITY = YES_AGGRESSIVE;
				CLANG_WARN_UNREACHABLE_CODE = YES;
				CLANG_WARN__DUPLICATE_METHOD_MATCH = YES;
				COPY_PHASE_STRIP = NO;
				DEBUG_INFORMATION_FORMAT = "dwarf-with-dsym";
				ENABLE_NS_ASSERTIONS = NO;
				ENABLE_STRICT_OBJC_MSGSEND = YES;
				GCC_C_LANGUAGE_STANDARD = gnu11;
				GCC_NO_COMMON_BLOCKS = YES;
				GCC_WARN_64_TO_32_BIT_CONVERSION = YES;
				GCC_WARN_ABOUT_RETURN_TYPE = YES_ERROR;
				GCC_WARN_UNDECLARED_SELECTOR = YES;
				GCC_WARN_UNINITIALIZED_AUTOS = YES_AGGRESSIVE;
				GCC_WARN_UNUSED_FUNCTION = YES;
				GCC_WARN_UNUSED_VARIABLE = YES;
				IPHONEOS_DEPLOYMENT_TARGET = 16.4;
				MTL_ENABLE_DEBUG_INFO = NO;
				MTL_FAST_MATH = YES;
				SDKROOT = iphoneos;
				SWIFT_COMPILATION_MODE = wholemodule;
				SWIFT_OPTIMIZATION_LEVEL = "-O";
				VALIDATE_PRODUCT = YES;
			};
			name = Release;
		};
		D6B4F5E72A1CDB6F003E2FA0 /* Debug */ = {
			isa = XCBuildConfiguration;
			buildSettings = {
				ASSETCATALOG_COMPILER_APPICON_NAME = AppIcon;
				ASSETCATALOG_COMPILER_GLOBAL_ACCENT_COLOR_NAME = AccentColor;
				CODE_SIGN_STYLE = Automatic;
				CURRENT_PROJECT_VERSION = 1;
				DEVELOPMENT_TEAM = 4YL9837ATS;
				GENERATE_INFOPLIST_FILE = YES;
				INFOPLIST_FILE = forultimateplayer/Info.plist;
				INFOPLIST_KEY_UIApplicationSupportsIndirectInputEvents = YES;
				INFOPLIST_KEY_UILaunchStoryboardName = LaunchScreen;
				INFOPLIST_KEY_UIMainStoryboardFile = Main;
				INFOPLIST_KEY_UISupportedInterfaceOrientations_iPad = "UIInterfaceOrientationPortrait UIInterfaceOrientationPortraitUpsideDown UIInterfaceOrientationLandscapeLeft UIInterfaceOrientationLandscapeRight";
				INFOPLIST_KEY_UISupportedInterfaceOrientations_iPhone = "UIInterfaceOrientationPortrait UIInterfaceOrientationLandscapeLeft UIInterfaceOrientationLandscapeRight";
				LD_RUNPATH_SEARCH_PATHS = (
					"$(inherited)",
					"@executable_path/Frameworks",
				);
				MARKETING_VERSION = 1.0;
				PRODUCT_BUNDLE_IDENTIFIER = app.mochida.ume.forultimateplayer;
				PRODUCT_NAME = "$(TARGET_NAME)";
				SWIFT_EMIT_LOC_STRINGS = YES;
				SWIFT_VERSION = 5.0;
				TARGETED_DEVICE_FAMILY = "1,2";
			};
			name = Debug;
		};
		D6B4F5E82A1CDB6F003E2FA0 /* Release */ = {
			isa = XCBuildConfiguration;
			buildSettings = {
				ASSETCATALOG_COMPILER_APPICON_NAME = AppIcon;
				ASSETCATALOG_COMPILER_GLOBAL_ACCENT_COLOR_NAME = AccentColor;
				CODE_SIGN_STYLE = Automatic;
				CURRENT_PROJECT_VERSION = 1;
				DEVELOPMENT_TEAM = 4YL9837ATS;
				GENERATE_INFOPLIST_FILE = YES;
				INFOPLIST_FILE = forultimateplayer/Info.plist;
				INFOPLIST_KEY_UIApplicationSupportsIndirectInputEvents = YES;
				INFOPLIST_KEY_UILaunchStoryboardName = LaunchScreen;
				INFOPLIST_KEY_UIMainStoryboardFile = Main;
				INFOPLIST_KEY_UISupportedInterfaceOrientations_iPad = "UIInterfaceOrientationPortrait UIInterfaceOrientationPortraitUpsideDown UIInterfaceOrientationLandscapeLeft UIInterfaceOrientationLandscapeRight";
				INFOPLIST_KEY_UISupportedInterfaceOrientations_iPhone = "UIInterfaceOrientationPortrait UIInterfaceOrientationLandscapeLeft UIInterfaceOrientationLandscapeRight";
				LD_RUNPATH_SEARCH_PATHS = (
					"$(inherited)",
					"@executable_path/Frameworks",
				);
				MARKETING_VERSION = 1.0;
				PRODUCT_BUNDLE_IDENTIFIER = app.mochida.ume.forultimateplayer;
				PRODUCT_NAME = "$(TARGET_NAME)";
				SWIFT_EMIT_LOC_STRINGS = YES;
				SWIFT_VERSION = 5.0;
				TARGETED_DEVICE_FAMILY = "1,2";
			};
			name = Release;
		};
/* End XCBuildConfiguration section */

/* Begin XCConfigurationList section */
		D6B4F5CD2A1CDB6D003E2FA0 /* Build configuration list for PBXProject "forultimateplayer" */ = {
			isa = XCConfigurationList;
			buildConfigurations = (
				D6B4F5E42A1CDB6F003E2FA0 /* Debug */,
				D6B4F5E52A1CDB6F003E2FA0 /* Release */,
			);
			defaultConfigurationIsVisible = 0;
			defaultConfigurationName = Release;
		};
		D6B4F5E62A1CDB6F003E2FA0 /* Build configuration list for PBXNativeTarget "forultimateplayer" */ = {
			isa = XCConfigurationList;
			buildConfigurations = (
				D6B4F5E72A1CDB6F003E2FA0 /* Debug */,
				D6B4F5E82A1CDB6F003E2FA0 /* Release */,
			);
			defaultConfigurationIsVisible = 0;
			defaultConfigurationName = Release;
		};
/* End XCConfigurationList section */
	};
	rootObject = D6B4F5CA2A1CDB6D003E2FA0 /* Project object */;
}
